
Microsoft Visual Studio Solution File, Format Version 12.00
# Visual Studio Version 17
VisualStudioVersion = 17.9.34607.119
MinimumVisualStudioVersion = 10.0.40219.1
Project("{FAE04EC0-301F-11D3-BF4B-00C04F79EFBC}") = "AspNetMapWebApplication", "AspNetMapWebApplication\AspNetMapWebApplication.csproj", "{CF0116B6-F828-4355-8578-FF04255302E9}"
EndProject
Global
	GlobalSection(SolutionConfigurationPlatforms) = preSolution
		Debug|Any CPU = Debug|Any CPU
		Release|Any CPU = Release|Any CPU
	EndGlobalSection
	GlobalSection(ProjectConfigurationPlatforms) = postSolution
		{CF0116B6-F828-4355-8578-FF04255302E9}.Debug|Any CPU.ActiveCfg = Debug|Any CPU
		{CF0116B6-F828-4355-8578-FF04255302E9}.Debug|Any CPU.Build.0 = Debug|Any CPU
		{CF0116B6-F828-4355-8578-FF04255302E9}.Release|Any CPU.ActiveCfg = Release|Any CPU
		{CF0116B6-F828-4355-8578-FF04255302E9}.Release|Any CPU.Build.0 = Release|Any CPU
	EndGlobalSection
	GlobalSection(SolutionProperties) = preSolution
		HideSolutionNode = FALSE
	EndGlobalSection
	GlobalSection(ExtensibilityGlobals) = postSolution
		SolutionGuid = {A982092D-8B4F-498F-A479-DED7464D25BE}
	EndGlobalSection
EndGlobal
